
Microsoft Visual Studio Solution File, Format Version 12.00
# Visual Studio Version 17
VisualStudioVersion = 17.9.34607.119
MinimumVisualStudioVersion = 10.0.40219.1
Project("{FAE04EC0-301F-11D3-BF4B-00C04F79EFBC}") = "2.unite uygulama 3-", "2.unite uygulama 3-\2.unite uygulama 3-.csproj", "{608C1A37-3E34-487A-81B4-8DC488D5F0C4}"
EndProject
Global
	GlobalSection(SolutionConfigurationPlatforms) = preSolution
		Debug|Any CPU = Debug|Any CPU
		Release|Any CPU = Release|Any CPU
	EndGlobalSection
	GlobalSection(ProjectConfigurationPlatforms) = postSolution
		{608C1A37-3E34-487A-81B4-8DC488D5F0C4}.Debug|Any CPU.ActiveCfg = Debug|Any CPU
		{608C1A37-3E34-487A-81B4-8DC488D5F0C4}.Debug|Any CPU.Build.0 = Debug|Any CPU
		{608C1A37-3E34-487A-81B4-8DC488D5F0C4}.Release|Any CPU.ActiveCfg = Release|Any CPU
		{608C1A37-3E34-487A-81B4-8DC488D5F0C4}.Release|Any CPU.Build.0 = Release|Any CPU
	EndGlobalSection
	GlobalSection(SolutionProperties) = preSolution
		HideSolutionNode = FALSE
	EndGlobalSection
	GlobalSection(ExtensibilityGlobals) = postSolution
		SolutionGuid = {3F03D52A-2FFC-4734-8627-107F3C239CAF}
	EndGlobalSection
EndGlobal
